
Microsoft Visual Studio Solution File, Format Version 12.00
# Visual Studio 15
VisualStudioVersion = 15.0.27428.2037
MinimumVisualStudioVersion = 10.0.40219.1
Project("{FAE04EC0-301F-11D3-BF4B-00C04F79EFBC}") = "StgElse", "StgElse\StgElse.csproj", "{B3F54A09-B80B-4597-9250-3B3DE488ACAA}"
EndProject
Global
	GlobalSection(SolutionConfigurationPlatforms) = preSolution
		Debug|Any CPU = Debug|Any CPU
		Release|Any CPU = Release|Any CPU
	EndGlobalSection
	GlobalSection(ProjectConfigurationPlatforms) = postSolution
		{B3F54A09-B80B-4597-9250-3B3DE488ACAA}.Debug|Any CPU.ActiveCfg = Debug|Any CPU
		{B3F54A09-B80B-4597-9250-3B3DE488ACAA}.Debug|Any CPU.Build.0 = Debug|Any CPU
		{B3F54A09-B80B-4597-9250-3B3DE488ACAA}.Release|Any CPU.ActiveCfg = Release|Any CPU
		{B3F54A09-B80B-4597-9250-3B3DE488ACAA}.Release|Any CPU.Build.0 = Release|Any CPU
	EndGlobalSection
	GlobalSection(SolutionProperties) = preSolution
		HideSolutionNode = FALSE
	EndGlobalSection
	GlobalSection(ExtensibilityGlobals) = postSolution
		SolutionGuid = {4CFF858D-6A66-4B3C-ACA4-64EF4DD33315}
	EndGlobalSection
EndGlobal
